
Microsoft Visual Studio Solution File, Format Version 12.00
# Visual Studio Version 17
VisualStudioVersion = 17.0.31611.283
MinimumVisualStudioVersion = 10.0.40219.1
EndProject
Project("{F2A71F9B-5D33-465A-A702-920D77279786}") = "WidgetsAndModifiers", "WidgetsAndModifiers.fsproj", "{83EAE9C6-36BB-47B2-83A3-01010DAB471B}"
EndProject
Global
	GlobalSection(SolutionConfigurationPlatforms) = preSolution
		Debug|Any CPU = Debug|Any CPU
		Release|Any CPU = Release|Any CPU
	EndGlobalSection
	GlobalSection(ProjectConfigurationPlatforms) = postSolution
		{83EAE9C6-36BB-47B2-83A3-01010DAB471B}.Debug|Any CPU.ActiveCfg = Debug|Any CPU
		{83EAE9C6-36BB-47B2-83A3-01010DAB471B}.Debug|Any CPU.Build.0 = Debug|Any CPU
		{83EAE9C6-36BB-47B2-83A3-01010DAB471B}.Debug|Any CPU.Deploy.0 = Debug|Any CPU
		{83EAE9C6-36BB-47B2-83A3-01010DAB471B}.Release|Any CPU.ActiveCfg = Release|Any CPU
		{83EAE9C6-36BB-47B2-83A3-01010DAB471B}.Release|Any CPU.Build.0 = Release|Any CPU
		{83EAE9C6-36BB-47B2-83A3-01010DAB471B}.Release|Any CPU.Deploy.0 = Release|Any CPU
	EndGlobalSection
	GlobalSection(SolutionProperties) = preSolution
		HideSolutionNode = FALSE
	EndGlobalSection
	GlobalSection(ExtensibilityGlobals) = postSolution
		SolutionGuid = {61F7FB11-1E47-470C-91E2-47F8143E1572}
	EndGlobalSection
EndGlobal
